PODS:
  - Masonry (1.1.0)
  - XYMediaFfmpeg (0.0.2)

DEPENDENCIES:
  - Masonry
  - XYMediaFfmpeg (from `../Submodules/XYMediaFfmpeg`)

SPEC REPOS:
  https://github.com/CocoaPods/Specs.git:
    - Masonry

EXTERNAL SOURCES:
  XYMediaFfmpeg:
    :path: "../Submodules/XYMediaFfmpeg"

SPEC CHECKSUMS:
  Masonry: 678fab65091a9290e40e2832a55e7ab731aad201
  XYMediaFfmpeg: f0acef8ccfec4697f5dcdc05fa44ab0a0790b3c2

PODFILE CHECKSUM: 4f7d36c61b827e7c631ee16b7ebd05bb50e17c83

COCOAPODS: 1.16.2
